
Microsoft Visual Studio Solution File, Format Version 12.00
# Visual Studio Version 16
VisualStudioVersion = 16.0.30309.148
MinimumVisualStudioVersion = 10.0.40219.1
Project("{FAE04EC0-301F-11D3-BF4B-00C04F79EFBC}") = "SmartDockingAid", "SmartDockingAid.csproj", "{D0BC8A2F-ADE3-49FF-88CD-C606E356732B}"
EndProject
Project("{2150E333-8FDC-42A3-9474-1A3956D46DE8}") = "Solution Items", "Solution Items", "{A61B2D5B-8B56-403E-A367-1BF8FE4B6933}"
	ProjectSection(SolutionItems) = preProject
		..\README.md = ..\README.md
		..\GameData\SmartDockingAid\SDA.version = ..\GameData\SmartDockingAid\SDA.version
		SmartDockingAid.csproj.user = SmartDockingAid.csproj.user
	EndProjectSection
EndProject
Global
	GlobalSection(SolutionConfigurationPlatforms) = preSolution
		Debug|Any CPU = Debug|Any CPU
		Release|Any CPU = Release|Any CPU
	EndGlobalSection
	GlobalSection(ProjectConfigurationPlatforms) = postSolution
		{D0BC8A2F-ADE3-49FF-88CD-C606E356732B}.Debug|Any CPU.ActiveCfg = Debug|Any CPU
		{D0BC8A2F-ADE3-49FF-88CD-C606E356732B}.Debug|Any CPU.Build.0 = Debug|Any CPU
		{D0BC8A2F-ADE3-49FF-88CD-C606E356732B}.Release|Any CPU.ActiveCfg = Release|Any CPU
		{D0BC8A2F-ADE3-49FF-88CD-C606E356732B}.Release|Any CPU.Build.0 = Release|Any CPU
	EndGlobalSection
	GlobalSection(SolutionProperties) = preSolution
		HideSolutionNode = FALSE
	EndGlobalSection
	GlobalSection(ExtensibilityGlobals) = postSolution
		SolutionGuid = {7A253B7B-11D6-4AE0-A067-F07089630B16}
	EndGlobalSection
EndGlobal
